
Microsoft Visual Studio Solution File, Format Version 12.00
# Visual Studio Version 16
VisualStudioVersion = 16.0.29201.188
MinimumVisualStudioVersion = 10.0.40219.1
Project("{FAE04EC0-301F-11D3-BF4B-00C04F79EFBC}") = "PictureCrop.Core", "PictureCrop.Core\PictureCrop.Core.csproj", "{2ACB8A47-A7CF-4EF3-B232-48A9A2EC36C4}"
EndProject
Project("{FAE04EC0-301F-11D3-BF4B-00C04F79EFBC}") = "PictureCrop.Demo", "PictureCrop.Demo\PictureCrop.Demo.csproj", "{7B060AC8-27D2-4FB1-949A-57783CE3F427}"
EndProject
Global
	GlobalSection(SolutionConfigurationPlatforms) = preSolution
		Debug|Any CPU = Debug|Any CPU
		Release|Any CPU = Release|Any CPU
	EndGlobalSection
	GlobalSection(ProjectConfigurationPlatforms) = postSolution
		{2ACB8A47-A7CF-4EF3-B232-48A9A2EC36C4}.Debug|Any CPU.ActiveCfg = Debug|Any CPU
		{2ACB8A47-A7CF-4EF3-B232-48A9A2EC36C4}.Debug|Any CPU.Build.0 = Debug|Any CPU
		{2ACB8A47-A7CF-4EF3-B232-48A9A2EC36C4}.Release|Any CPU.ActiveCfg = Release|Any CPU
		{2ACB8A47-A7CF-4EF3-B232-48A9A2EC36C4}.Release|Any CPU.Build.0 = Release|Any CPU
		{7B060AC8-27D2-4FB1-949A-57783CE3F427}.Debug|Any CPU.ActiveCfg = Debug|Any CPU
		{7B060AC8-27D2-4FB1-949A-57783CE3F427}.Debug|Any CPU.Build.0 = Debug|Any CPU
		{7B060AC8-27D2-4FB1-949A-57783CE3F427}.Release|Any CPU.ActiveCfg = Release|Any CPU
		{7B060AC8-27D2-4FB1-949A-57783CE3F427}.Release|Any CPU.Build.0 = Release|Any CPU
	EndGlobalSection
	GlobalSection(SolutionProperties) = preSolution
		HideSolutionNode = FALSE
	EndGlobalSection
	GlobalSection(ExtensibilityGlobals) = postSolution
		SolutionGuid = {88112CAE-6F30-4912-83AA-C19AB7F9A05C}
	EndGlobalSection
EndGlobal
